
Microsoft Visual Studio Solution File, Format Version 12.00
# Visual Studio Version 16
VisualStudioVersion = 25.0.1704.0
MinimumVisualStudioVersion = 10.0.40219.1
Project("{FAE04EC0-301F-11D3-BF4B-00C04F79EFBC}") = "JWTAuth", "JWTAuth.csproj", "{ED9B8FD8-8927-4572-A243-F16A6E13D46D}"
EndProject
Global
	GlobalSection(SolutionConfigurationPlatforms) = preSolution
		Debug|Any CPU = Debug|Any CPU
		Release|Any CPU = Release|Any CPU
	EndGlobalSection
	GlobalSection(ProjectConfigurationPlatforms) = postSolution
		{ED9B8FD8-8927-4572-A243-F16A6E13D46D}.Debug|Any CPU.ActiveCfg = Debug|Any CPU
		{ED9B8FD8-8927-4572-A243-F16A6E13D46D}.Debug|Any CPU.Build.0 = Debug|Any CPU
		{ED9B8FD8-8927-4572-A243-F16A6E13D46D}.Release|Any CPU.ActiveCfg = Release|Any CPU
		{ED9B8FD8-8927-4572-A243-F16A6E13D46D}.Release|Any CPU.Build.0 = Release|Any CPU
	EndGlobalSection
	GlobalSection(SolutionProperties) = preSolution
		HideSolutionNode = FALSE
	EndGlobalSection
	GlobalSection(ExtensibilityGlobals) = postSolution
		SolutionGuid = {D5E6CC9D-3CEA-429F-9280-58E37BD302B2}
	EndGlobalSection
EndGlobal
